
Microsoft Visual Studio Solution File, Format Version 12.00
# Visual Studio Version 16
VisualStudioVersion = 16.0.29411.108
MinimumVisualStudioVersion = 10.0.40219.1
Project("{FAE04EC0-301F-11D3-BF4B-00C04F79EFBC}") = "game01", "game1\game1\game01.csproj", "{774939B3-E0B4-4051-A9A8-E9DF1E2BB3F0}"
EndProject
Project("{FAE04EC0-301F-11D3-BF4B-00C04F79EFBC}") = "game02", "game2\game2\game02.csproj", "{307BCC76-3B39-4A11-A555-403479F2F201}"
EndProject
Project("{FAE04EC0-301F-11D3-BF4B-00C04F79EFBC}") = "game03", "game3\game3\game03.csproj", "{69F1C2F2-E670-4D20-BD41-C5DF982786A9}"
EndProject
Project("{FAE04EC0-301F-11D3-BF4B-00C04F79EFBC}") = "game04", "game4\game4\game04.csproj", "{1175B043-7FC4-47D1-9BA3-539AB2B5680A}"
EndProject
Project("{FAE04EC0-301F-11D3-BF4B-00C04F79EFBC}") = "game05", "game5\game5\game05.csproj", "{A114E7FC-27B9-4270-B7A6-6C2D68497C6D}"
EndProject
Project("{FAE04EC0-301F-11D3-BF4B-00C04F79EFBC}") = "game06", "game6\game6\game06.csproj", "{6642C67C-5379-439B-9FFC-5242F43B3599}"
EndProject
Project("{FAE04EC0-301F-11D3-BF4B-00C04F79EFBC}") = "game07", "game7\game7\game07.csproj", "{5CE99955-F418-4ADE-8179-6111BD5AD5CC}"
EndProject
Project("{FAE04EC0-301F-11D3-BF4B-00C04F79EFBC}") = "game08", "game8\game8\game08.csproj", "{4FABD337-2827-4E45-A445-64EB2E3D5A69}"
EndProject
Project("{FAE04EC0-301F-11D3-BF4B-00C04F79EFBC}") = "game09", "game9\game9\game09.csproj", "{5E1E779D-EF1B-4F40-8782-ABB3681B9BAE}"
EndProject
Project("{FAE04EC0-301F-11D3-BF4B-00C04F79EFBC}") = "overriding", "Overriding\Overriding\overriding.csproj", "{E23271A2-39E0-42B9-9297-B38407BF7F07}"
EndProject
Project("{FAE04EC0-301F-11D3-BF4B-00C04F79EFBC}") = "game10", "game10\game10\game10.csproj", "{562E97C8-A58D-4EBE-A3CA-A33068CDB2A1}"
EndProject
Project("{FAE04EC0-301F-11D3-BF4B-00C04F79EFBC}") = "darkneon", "darkneon\darkneon\darkneon.csproj", "{0F4070F6-9B2F-4117-8689-E59465AE2D52}"
EndProject
Project("{FAE04EC0-301F-11D3-BF4B-00C04F79EFBC}") = "darkneonconsole", "darkneonconsole\darkneonconsole.csproj", "{511E8F00-A464-4478-AB56-9A9CE4B88213}"
EndProject
Global
	GlobalSection(SolutionConfigurationPlatforms) = preSolution
		Debug|Any CPU = Debug|Any CPU
		Debug|x86 = Debug|x86
		Release|Any CPU = Release|Any CPU
		Release|x86 = Release|x86
	EndGlobalSection
	GlobalSection(ProjectConfigurationPlatforms) = postSolution
		{774939B3-E0B4-4051-A9A8-E9DF1E2BB3F0}.Debug|Any CPU.ActiveCfg = Debug|Any CPU
		{774939B3-E0B4-4051-A9A8-E9DF1E2BB3F0}.Debug|Any CPU.Build.0 = Debug|Any CPU
		{774939B3-E0B4-4051-A9A8-E9DF1E2BB3F0}.Debug|x86.ActiveCfg = Debug|Any CPU
		{774939B3-E0B4-4051-A9A8-E9DF1E2BB3F0}.Debug|x86.Build.0 = Debug|Any CPU
		{774939B3-E0B4-4051-A9A8-E9DF1E2BB3F0}.Release|Any CPU.ActiveCfg = Release|Any CPU
		{774939B3-E0B4-4051-A9A8-E9DF1E2BB3F0}.Release|Any CPU.Build.0 = Release|Any CPU
		{774939B3-E0B4-4051-A9A8-E9DF1E2BB3F0}.Release|x86.ActiveCfg = Release|Any CPU
		{774939B3-E0B4-4051-A9A8-E9DF1E2BB3F0}.Release|x86.Build.0 = Release|Any CPU
		{307BCC76-3B39-4A11-A555-403479F2F201}.Debug|Any CPU.ActiveCfg = Debug|Any CPU
		{307BCC76-3B39-4A11-A555-403479F2F201}.Debug|Any CPU.Build.0 = Debug|Any CPU
		{307BCC76-3B39-4A11-A555-403479F2F201}.Debug|x86.ActiveCfg = Debug|Any CPU
		{307BCC76-3B39-4A11-A555-403479F2F201}.Debug|x86.Build.0 = Debug|Any CPU
		{307BCC76-3B39-4A11-A555-403479F2F201}.Release|Any CPU.ActiveCfg = Release|Any CPU
		{307BCC76-3B39-4A11-A555-403479F2F201}.Release|Any CPU.Build.0 = Release|Any CPU
		{307BCC76-3B39-4A11-A555-403479F2F201}.Release|x86.ActiveCfg = Release|Any CPU
		{307BCC76-3B39-4A11-A555-403479F2F201}.Release|x86.Build.0 = Release|Any CPU
		{69F1C2F2-E670-4D20-BD41-C5DF982786A9}.Debug|Any CPU.ActiveCfg = Debug|Any CPU
		{69F1C2F2-E670-4D20-BD41-C5DF982786A9}.Debug|Any CPU.Build.0 = Debug|Any CPU
		{69F1C2F2-E670-4D20-BD41-C5DF982786A9}.Debug|x86.ActiveCfg = Debug|Any CPU
		{69F1C2F2-E670-4D20-BD41-C5DF982786A9}.Debug|x86.Build.0 = Debug|Any CPU
		{69F1C2F2-E670-4D20-BD41-C5DF982786A9}.Release|Any CPU.ActiveCfg = Release|Any CPU
		{69F1C2F2-E670-4D20-BD41-C5DF982786A9}.Release|Any CPU.Build.0 = Release|Any CPU
		{69F1C2F2-E670-4D20-BD41-C5DF982786A9}.Release|x86.ActiveCfg = Release|Any CPU
		{69F1C2F2-E670-4D20-BD41-C5DF982786A9}.Release|x86.Build.0 = Release|Any CPU
		{1175B043-7FC4-47D1-9BA3-539AB2B5680A}.Debug|Any CPU.ActiveCfg = Debug|Any CPU
		{1175B043-7FC4-47D1-9BA3-539AB2B5680A}.Debug|Any CPU.Build.0 = Debug|Any CPU
		{1175B043-7FC4-47D1-9BA3-539AB2B5680A}.Debug|x86.ActiveCfg = Debug|Any CPU
		{1175B043-7FC4-47D1-9BA3-539AB2B5680A}.Debug|x86.Build.0 = Debug|Any CPU
		{1175B043-7FC4-47D1-9BA3-539AB2B5680A}.Release|Any CPU.ActiveCfg = Release|Any CPU
		{1175B043-7FC4-47D1-9BA3-539AB2B5680A}.Release|Any CPU.Build.0 = Release|Any CPU
		{1175B043-7FC4-47D1-9BA3-539AB2B5680A}.Release|x86.ActiveCfg = Release|Any CPU
		{1175B043-7FC4-47D1-9BA3-539AB2B5680A}.Release|x86.Build.0 = Release|Any CPU
		{A114E7FC-27B9-4270-B7A6-6C2D68497C6D}.Debug|Any CPU.ActiveCfg = Debug|Any CPU
		{A114E7FC-27B9-4270-B7A6-6C2D68497C6D}.Debug|Any CPU.Build.0 = Debug|Any CPU
		{A114E7FC-27B9-4270-B7A6-6C2D68497C6D}.Debug|x86.ActiveCfg = Debug|Any CPU
		{A114E7FC-27B9-4270-B7A6-6C2D68497C6D}.Debug|x86.Build.0 = Debug|Any CPU
		{A114E7FC-27B9-4270-B7A6-6C2D68497C6D}.Release|Any CPU.ActiveCfg = Release|Any CPU
		{A114E7FC-27B9-4270-B7A6-6C2D68497C6D}.Release|Any CPU.Build.0 = Release|Any CPU
		{A114E7FC-27B9-4270-B7A6-6C2D68497C6D}.Release|x86.ActiveCfg = Release|Any CPU
		{A114E7FC-27B9-4270-B7A6-6C2D68497C6D}.Release|x86.Build.0 = Release|Any CPU
		{6642C67C-5379-439B-9FFC-5242F43B3599}.Debug|Any CPU.ActiveCfg = Debug|Any CPU
		{6642C67C-5379-439B-9FFC-5242F43B3599}.Debug|Any CPU.Build.0 = Debug|Any CPU
		{6642C67C-5379-439B-9FFC-5242F43B3599}.Debug|x86.ActiveCfg = Debug|Any CPU
		{6642C67C-5379-439B-9FFC-5242F43B3599}.Debug|x86.Build.0 = Debug|Any CPU
		{6642C67C-5379-439B-9FFC-5242F43B3599}.Release|Any CPU.ActiveCfg = Release|Any CPU
		{6642C67C-5379-439B-9FFC-5242F43B3599}.Release|Any CPU.Build.0 = Release|Any CPU
		{6642C67C-5379-439B-9FFC-5242F43B3599}.Release|x86.ActiveCfg = Release|Any CPU
		{6642C67C-5379-439B-9FFC-5242F43B3599}.Release|x86.Build.0 = Release|Any CPU
		{5CE99955-F418-4ADE-8179-6111BD5AD5CC}.Debug|Any CPU.ActiveCfg = Debug|Any CPU
		{5CE99955-F418-4ADE-8179-6111BD5AD5CC}.Debug|Any CPU.Build.0 = Debug|Any CPU
		{5CE99955-F418-4ADE-8179-6111BD5AD5CC}.Debug|x86.ActiveCfg = Debug|Any CPU
		{5CE99955-F418-4ADE-8179-6111BD5AD5CC}.Debug|x86.Build.0 = Debug|Any CPU
		{5CE99955-F418-4ADE-8179-6111BD5AD5CC}.Release|Any CPU.ActiveCfg = Release|Any CPU
		{5CE99955-F418-4ADE-8179-6111BD5AD5CC}.Release|Any CPU.Build.0 = Release|Any CPU
		{5CE99955-F418-4ADE-8179-6111BD5AD5CC}.Release|x86.ActiveCfg = Release|Any CPU
		{5CE99955-F418-4ADE-8179-6111BD5AD5CC}.Release|x86.Build.0 = Release|Any CPU
		{4FABD337-2827-4E45-A445-64EB2E3D5A69}.Debug|Any CPU.ActiveCfg = Debug|Any CPU
		{4FABD337-2827-4E45-A445-64EB2E3D5A69}.Debug|Any CPU.Build.0 = Debug|Any CPU
		{4FABD337-2827-4E45-A445-64EB2E3D5A69}.Debug|x86.ActiveCfg = Debug|Any CPU
		{4FABD337-2827-4E45-A445-64EB2E3D5A69}.Debug|x86.Build.0 = Debug|Any CPU
		{4FABD337-2827-4E45-A445-64EB2E3D5A69}.Release|Any CPU.ActiveCfg = Release|Any CPU
		{4FABD337-2827-4E45-A445-64EB2E3D5A69}.Release|Any CPU.Build.0 = Release|Any CPU
		{4FABD337-2827-4E45-A445-64EB2E3D5A69}.Release|x86.ActiveCfg = Release|Any CPU
		{4FABD337-2827-4E45-A445-64EB2E3D5A69}.Release|x86.Build.0 = Release|Any CPU
		{5E1E779D-EF1B-4F40-8782-ABB3681B9BAE}.Debug|Any CPU.ActiveCfg = Debug|Any CPU
		{5E1E779D-EF1B-4F40-8782-ABB3681B9BAE}.Debug|Any CPU.Build.0 = Debug|Any CPU
		{5E1E779D-EF1B-4F40-8782-ABB3681B9BAE}.Debug|x86.ActiveCfg = Debug|Any CPU
		{5E1E779D-EF1B-4F40-8782-ABB3681B9BAE}.Debug|x86.Build.0 = Debug|Any CPU
		{5E1E779D-EF1B-4F40-8782-ABB3681B9BAE}.Release|Any CPU.ActiveCfg = Release|Any CPU
		{5E1E779D-EF1B-4F40-8782-ABB3681B9BAE}.Release|Any CPU.Build.0 = Release|Any CPU
		{5E1E779D-EF1B-4F40-8782-ABB3681B9BAE}.Release|x86.ActiveCfg = Release|Any CPU
		{5E1E779D-EF1B-4F40-8782-ABB3681B9BAE}.Release|x86.Build.0 = Release|Any CPU
		{E23271A2-39E0-42B9-9297-B38407BF7F07}.Debug|Any CPU.ActiveCfg = Debug|x86
		{E23271A2-39E0-42B9-9297-B38407BF7F07}.Debug|Any CPU.Build.0 = Debug|x86
		{E23271A2-39E0-42B9-9297-B38407BF7F07}.Debug|x86.ActiveCfg = Debug|x86
		{E23271A2-39E0-42B9-9297-B38407BF7F07}.Debug|x86.Build.0 = Debug|x86
		{E23271A2-39E0-42B9-9297-B38407BF7F07}.Release|Any CPU.ActiveCfg = Release|x86
		{E23271A2-39E0-42B9-9297-B38407BF7F07}.Release|x86.ActiveCfg = Release|x86
		{E23271A2-39E0-42B9-9297-B38407BF7F07}.Release|x86.Build.0 = Release|x86
		{562E97C8-A58D-4EBE-A3CA-A33068CDB2A1}.Debug|Any CPU.ActiveCfg = Debug|Any CPU
		{562E97C8-A58D-4EBE-A3CA-A33068CDB2A1}.Debug|Any CPU.Build.0 = Debug|Any CPU
		{562E97C8-A58D-4EBE-A3CA-A33068CDB2A1}.Debug|x86.ActiveCfg = Debug|Any CPU
		{562E97C8-A58D-4EBE-A3CA-A33068CDB2A1}.Debug|x86.Build.0 = Debug|Any CPU
		{562E97C8-A58D-4EBE-A3CA-A33068CDB2A1}.Release|Any CPU.ActiveCfg = Release|Any CPU
		{562E97C8-A58D-4EBE-A3CA-A33068CDB2A1}.Release|Any CPU.Build.0 = Release|Any CPU
		{562E97C8-A58D-4EBE-A3CA-A33068CDB2A1}.Release|x86.ActiveCfg = Release|Any CPU
		{562E97C8-A58D-4EBE-A3CA-A33068CDB2A1}.Release|x86.Build.0 = Release|Any CPU
		{0F4070F6-9B2F-4117-8689-E59465AE2D52}.Debug|Any CPU.ActiveCfg = Debug|Any CPU
		{0F4070F6-9B2F-4117-8689-E59465AE2D52}.Debug|Any CPU.Build.0 = Debug|Any CPU
		{0F4070F6-9B2F-4117-8689-E59465AE2D52}.Debug|x86.ActiveCfg = Debug|Any CPU
		{0F4070F6-9B2F-4117-8689-E59465AE2D52}.Debug|x86.Build.0 = Debug|Any CPU
		{0F4070F6-9B2F-4117-8689-E59465AE2D52}.Release|Any CPU.ActiveCfg = Release|Any CPU
		{0F4070F6-9B2F-4117-8689-E59465AE2D52}.Release|Any CPU.Build.0 = Release|Any CPU
		{0F4070F6-9B2F-4117-8689-E59465AE2D52}.Release|x86.ActiveCfg = Release|Any CPU
		{0F4070F6-9B2F-4117-8689-E59465AE2D52}.Release|x86.Build.0 = Release|Any CPU
		{511E8F00-A464-4478-AB56-9A9CE4B88213}.Debug|Any CPU.ActiveCfg = Debug|Any CPU
		{511E8F00-A464-4478-AB56-9A9CE4B88213}.Debug|Any CPU.Build.0 = Debug|Any CPU
		{511E8F00-A464-4478-AB56-9A9CE4B88213}.Debug|x86.ActiveCfg = Debug|Any CPU
		{511E8F00-A464-4478-AB56-9A9CE4B88213}.Debug|x86.Build.0 = Debug|Any CPU
		{511E8F00-A464-4478-AB56-9A9CE4B88213}.Release|Any CPU.ActiveCfg = Release|Any CPU
		{511E8F00-A464-4478-AB56-9A9CE4B88213}.Release|Any CPU.Build.0 = Release|Any CPU
		{511E8F00-A464-4478-AB56-9A9CE4B88213}.Release|x86.ActiveCfg = Release|Any CPU
		{511E8F00-A464-4478-AB56-9A9CE4B88213}.Release|x86.Build.0 = Release|Any CPU
	EndGlobalSection
	GlobalSection(SolutionProperties) = preSolution
		HideSolutionNode = FALSE
	EndGlobalSection
	GlobalSection(ExtensibilityGlobals) = postSolution
		SolutionGuid = {741CCD32-E965-4092-B77D-0AC28035B23B}
	EndGlobalSection
EndGlobal
